
Microsoft Visual Studio Solution File, Format Version 12.00
# Visual Studio Version 17
VisualStudioVersion = 17.4.33122.133
MinimumVisualStudioVersion = 10.0.40219.1
Project("{FAE04EC0-301F-11D3-BF4B-00C04F79EFBC}") = "QuotesApi", "QuotesApi\QuotesApi.csproj", "{DB2AC13C-AF4D-490A-A20E-39B7AF89832B}"
EndProject
Global
	GlobalSection(SolutionConfigurationPlatforms) = preSolution
		Debug|Any CPU = Debug|Any CPU
		Release|Any CPU = Release|Any CPU
	EndGlobalSection
	GlobalSection(ProjectConfigurationPlatforms) = postSolution
		{DB2AC13C-AF4D-490A-A20E-39B7AF89832B}.Debug|Any CPU.ActiveCfg = Debug|Any CPU
		{DB2AC13C-AF4D-490A-A20E-39B7AF89832B}.Debug|Any CPU.Build.0 = Debug|Any CPU
		{DB2AC13C-AF4D-490A-A20E-39B7AF89832B}.Release|Any CPU.ActiveCfg = Release|Any CPU
		{DB2AC13C-AF4D-490A-A20E-39B7AF89832B}.Release|Any CPU.Build.0 = Release|Any CPU
	EndGlobalSection
	GlobalSection(SolutionProperties) = preSolution
		HideSolutionNode = FALSE
	EndGlobalSection
	GlobalSection(ExtensibilityGlobals) = postSolution
		SolutionGuid = {C3F930FB-91ED-482E-99C6-CBAA456F198F}
	EndGlobalSection
EndGlobal
